
Microsoft Visual Studio Solution File, Format Version 12.00
# Visual Studio Version 17
VisualStudioVersion = 17.12.35527.113 d17.12
MinimumVisualStudioVersion = 10.0.40219.1
Project("{FAE04EC0-301F-11D3-BF4B-00C04F79EFBC}") = "AuthServices", "AuthServices.csproj", "{00A4C039-8BDF-45C3-93B8-9C9EA68DBBDB}"
EndProject
Global
	GlobalSection(SolutionConfigurationPlatforms) = preSolution
		Debug|Any CPU = Debug|Any CPU
		Release|Any CPU = Release|Any CPU
	EndGlobalSection
	GlobalSection(ProjectConfigurationPlatforms) = postSolution
		{00A4C039-8BDF-45C3-93B8-9C9EA68DBBDB}.Debug|Any CPU.ActiveCfg = Debug|Any CPU
		{00A4C039-8BDF-45C3-93B8-9C9EA68DBBDB}.Debug|Any CPU.Build.0 = Debug|Any CPU
		{00A4C039-8BDF-45C3-93B8-9C9EA68DBBDB}.Release|Any CPU.ActiveCfg = Release|Any CPU
		{00A4C039-8BDF-45C3-93B8-9C9EA68DBBDB}.Release|Any CPU.Build.0 = Release|Any CPU
	EndGlobalSection
	GlobalSection(SolutionProperties) = preSolution
		HideSolutionNode = FALSE
	EndGlobalSection
EndGlobal
