
Microsoft Visual Studio Solution File, Format Version 12.00
# Visual Studio Version 17
VisualStudioVersion = 17.12.35527.113 d17.12
MinimumVisualStudioVersion = 10.0.40219.1
Project("{FAE04EC0-301F-11D3-BF4B-00C04F79EFBC}") = "AccountServices", "AccountServices.csproj", "{D87CD760-06FC-4893-AEC5-02415D397071}"
EndProject
Global
	GlobalSection(SolutionConfigurationPlatforms) = preSolution
		Debug|Any CPU = Debug|Any CPU
		Release|Any CPU = Release|Any CPU
	EndGlobalSection
	GlobalSection(ProjectConfigurationPlatforms) = postSolution
		{D87CD760-06FC-4893-AEC5-02415D397071}.Debug|Any CPU.ActiveCfg = Debug|Any CPU
		{D87CD760-06FC-4893-AEC5-02415D397071}.Debug|Any CPU.Build.0 = Debug|Any CPU
		{D87CD760-06FC-4893-AEC5-02415D397071}.Release|Any CPU.ActiveCfg = Release|Any CPU
		{D87CD760-06FC-4893-AEC5-02415D397071}.Release|Any CPU.Build.0 = Release|Any CPU
	EndGlobalSection
	GlobalSection(SolutionProperties) = preSolution
		HideSolutionNode = FALSE
	EndGlobalSection
EndGlobal
